
Microsoft Visual Studio Solution File, Format Version 12.00
# Visual Studio 15
VisualStudioVersion = 15.0.28307.1758
MinimumVisualStudioVersion = 10.0.40219.1
Project("{FAE04EC0-301F-11D3-BF4B-00C04F79EFBC}") = "JosePutoAmoWPF", "JosePutoAmoWPF\JosePutoAmoWPF.csproj", "{3AD6427F-91F6-4E6C-A3A3-FF8DB718BF08}"
EndProject
Global
	GlobalSection(SolutionConfigurationPlatforms) = preSolution
		Debug|Any CPU = Debug|Any CPU
		Release|Any CPU = Release|Any CPU
	EndGlobalSection
	GlobalSection(ProjectConfigurationPlatforms) = postSolution
		{3AD6427F-91F6-4E6C-A3A3-FF8DB718BF08}.Debug|Any CPU.ActiveCfg = Debug|Any CPU
		{3AD6427F-91F6-4E6C-A3A3-FF8DB718BF08}.Debug|Any CPU.Build.0 = Debug|Any CPU
		{3AD6427F-91F6-4E6C-A3A3-FF8DB718BF08}.Release|Any CPU.ActiveCfg = Release|Any CPU
		{3AD6427F-91F6-4E6C-A3A3-FF8DB718BF08}.Release|Any CPU.Build.0 = Release|Any CPU
	EndGlobalSection
	GlobalSection(SolutionProperties) = preSolution
		HideSolutionNode = FALSE
	EndGlobalSection
	GlobalSection(ExtensibilityGlobals) = postSolution
		SolutionGuid = {BA6461CF-54F8-4189-82B7-553624B5284C}
	EndGlobalSection
EndGlobal
